// !$*UTF8*$!
{
	archiveVersion = 1;
	classes = {
	};
	objectVersion = 46;
	objects = {

/* Begin PBXBuildFile section */
		5FAFE4C51D20DD6C00A96796 /* libSDL2.a in Frameworks */ = {isa = PBXBuildFile; fileRef = 5FAFE4C31D20DC3E00A96796 /* libSDL2.a */; };
		5FAFE4CD1D20DD6C00A96796 /* libSDL2main.a in Frameworks */ = {isa = PBXBuildFile; fileRef = 5FAFE4C91D20DD6C00A96796 /* libSDL2main.a */; };
		5FEF91501D228CE300AAAC40 /* windows.cpp in Sources */ = {isa = PBXBuildFile; fileRef = 5FEF914E1D228CE300AAAC40 /* windows.cpp */; };
		5FEF91521D22C64400AAAC40 /* main.cpp in Sources */ = {isa = PBXBuildFile; fileRef = 5FEF91511D22C64400AAAC40 /* main.cpp */; };
/* End PBXBuildFile section */

/* Begin PBXCopyFilesBuildPhase section */
		5FE67DC31D20D9A30049304A /* CopyFiles */ = {
			isa = PBXCopyFilesBuildPhase;
			buildActionMask = 2147483647;
			dstPath = /usr/share/man/man1/;
			dstSubfolderSpec = 0;
			files = (
			);
			runOnlyForDeploymentPostprocessing = 1;
		};
/* End PBXCopyFilesBuildPhase section */

/* Begin PBXFileReference section */
		5FAFE4C31D20DC3E00A96796 /* libSDL2.a */ = {isa = PBXFileReference; lastKnownFileType = archive.ar; name = libSDL2.a; path = ../../../../../usr/local/lib/libSDL2.a; sourceTree = "<group>"; };
		5FAFE4C91D20DD6C00A96796 /* libSDL2main.a */ = {isa = PBXFileReference; lastKnownFileType = archive.ar; name = libSDL2main.a; path = ../../../../../usr/local/lib/libSDL2main.a; sourceTree = "<group>"; };
		5FE67DC51D20D9A40049304A /* Primer3D */ = {isa = PBXFileReference; explicitFileType = "compiled.mach-o.executable"; includeInIndex = 0; path = Primer3D; sourceTree = BUILT_PRODUCTS_DIR; };
		5FEF914E1D228CE300AAAC40 /* windows.cpp */ = {isa = PBXFileReference; fileEncoding = 4; lastKnownFileType = sourcecode.cpp.cpp; path = windows.cpp; sourceTree = "<group>"; };
		5FEF914F1D228CE300AAAC40 /* windows.hpp */ = {isa = PBXFileReference; fileEncoding = 4; lastKnownFileType = sourcecode.cpp.h; path = windows.hpp; sourceTree = "<group>"; };
		5FEF91511D22C64400AAAC40 /* main.cpp */ = {isa = PBXFileReference; fileEncoding = 4; lastKnownFileType = sourcecode.cpp.cpp; path = main.cpp; sourceTree = "<group>"; };
/* End PBXFileReference section */

/* Begin PBXFrameworksBuildPhase section */
		5FE67DC21D20D9A30049304A /* Frameworks */ = {
			isa = PBXFrameworksBuildPhase;
			buildActionMask = 2147483647;
			files = (
				5FAFE4CD1D20DD6C00A96796 /* libSDL2main.a in Frameworks */,
				5FAFE4C51D20DD6C00A96796 /* libSDL2.a in Frameworks */,
			);
			runOnlyForDeploymentPostprocessing = 0;
		};
/* End PBXFrameworksBuildPhase section */

/* Begin PBXGroup section */
		5FE67DBC1D20D9A30049304A = {
			isa = PBXGroup;
			children = (
				5FAFE4C91D20DD6C00A96796 /* libSDL2main.a */,
				5FAFE4C31D20DC3E00A96796 /* libSDL2.a */,
				5FE67DC71D20D9A40049304A /* Primer3D */,
				5FE67DC61D20D9A40049304A /* Products */,
			);
			sourceTree = "<group>";
		};
		5FE67DC61D20D9A40049304A /* Products */ = {
			isa = PBXGroup;
			children = (
				5FE67DC51D20D9A40049304A /* Primer3D */,
			);
			name = Products;
			sourceTree = "<group>";
		};
		5FE67DC71D20D9A40049304A /* Primer3D */ = {
			isa = PBXGroup;
			children = (
				5FEF914E1D228CE300AAAC40 /* windows.cpp */,
				5FEF914F1D228CE300AAAC40 /* windows.hpp */,
				5FEF91511D22C64400AAAC40 /* main.cpp */,
			);
			path = Primer3D;
			sourceTree = "<group>";
		};
/* End PBXGroup section */

/* Begin PBXNativeTarget section */
		5FE67DC41D20D9A30049304A /* Primer3D */ = {
			isa = PBXNativeTarget;
			buildConfigurationList = 5FE67DCC1D20D9A40049304A /* Build configuration list for PBXNativeTarget "Primer3D" */;
			buildPhases = (
				5FE67DC11D20D9A30049304A /* Sources */,
				5FE67DC21D20D9A30049304A /* Frameworks */,
				5FE67DC31D20D9A30049304A /* CopyFiles */,
			);
			buildRules = (
			);
			dependencies = (
			);
			name = Primer3D;
			productName = Primer3D;
			productReference = 5FE67DC51D20D9A40049304A /* Primer3D */;
			productType = "com.apple.product-type.tool";
		};
/* End PBXNativeTarget section */

/* Begin PBXProject section */
		5FE67DBD1D20D9A30049304A /* Project object */ = {
			isa = PBXProject;
			attributes = {
				LastUpgradeCheck = 0730;
				ORGANIZATIONNAME = cnhao;
				TargetAttributes = {
					5FE67DC41D20D9A30049304A = {
						CreatedOnToolsVersion = 7.3.1;
					};
				};
			};
			buildConfigurationList = 5FE67DC01D20D9A30049304A /* Build configuration list for PBXProject "Primer3D" */;
			compatibilityVersion = "Xcode 3.2";
			developmentRegion = English;
			hasScannedForEncodings = 0;
			knownRegions = (
				en,
			);
			mainGroup = 5FE67DBC1D20D9A30049304A;
			productRefGroup = 5FE67DC61D20D9A40049304A /* Products */;
			projectDirPath = "";
			projectRoot = "";
			targets = (
				5FE67DC41D20D9A30049304A /* Primer3D */,
			);
		};
/* End PBXProject section */

/* Begin PBXSourcesBuildPhase section */
		5FE67DC11D20D9A30049304A /* Sources */ = {
			isa = PBXSourcesBuildPhase;
			buildActionMask = 2147483647;
			files = (
				5FEF91501D228CE300AAAC40 /* windows.cpp in Sources */,
				5FEF91521D22C64400AAAC40 /* main.cpp in Sources */,
			);
			runOnlyForDeploymentPostprocessing = 0;
		};
/* End PBXSourcesBuildPhase section */

/* Begin XCBuildConfiguration section */
		5FE67DCA1D20D9A40049304A /* Debug */ = {
			isa = XCBuildConfiguration;
			buildSettings = {
				ALWAYS_SEARCH_USER_PATHS = YES;
				CLANG_ANALYZER_NONNULL = YES;
				CLANG_CXX_LANGUAGE_STANDARD = "gnu++0x";
				CLANG_CXX_LIBRARY = "libc++";
				CLANG_ENABLE_MODULES = YES;
				CLANG_ENABLE_OBJC_ARC = YES;
				CLANG_WARN_BOOL_CONVERSION = YES;
				CLANG_WARN_CONSTANT_CONVERSION = YES;
				CLANG_WARN_DIRECT_OBJC_ISA_USAGE = YES_ERROR;
				CLANG_WARN_EMPTY_BODY = YES;
				CLANG_WARN_ENUM_CONVERSION = YES;
				CLANG_WARN_INT_CONVERSION = YES;
				CLANG_WARN_OBJC_ROOT_CLASS = YES_ERROR;
				CLANG_WARN_UNREACHABLE_CODE = YES;
				CLANG_WARN__DUPLICATE_METHOD_MATCH = YES;
				CODE_SIGN_IDENTITY = "-";
				COPY_PHASE_STRIP = NO;
				DEBUG_INFORMATION_FORMAT = dwarf;
				ENABLE_STRICT_OBJC_MSGSEND = YES;
				ENABLE_TESTABILITY = YES;
				GCC_C_LANGUAGE_STANDARD = gnu99;
				GCC_DYNAMIC_NO_PIC = NO;
				GCC_NO_COMMON_BLOCKS = YES;
				GCC_OPTIMIZATION_LEVEL = 0;
				GCC_PREPROCESSOR_DEFINITIONS = (
					"DEBUG=1",
					"$(inherited)",
				);
				GCC_WARN_64_TO_32_BIT_CONVERSION = YES;
				GCC_WARN_ABOUT_RETURN_TYPE = YES_ERROR;
				GCC_WARN_UNDECLARED_SELECTOR = YES;
				GCC_WARN_UNINITIALIZED_AUTOS = YES_AGGRESSIVE;
				GCC_WARN_UNUSED_FUNCTION = YES;
				GCC_WARN_UNUSED_VARIABLE = YES;
				LIBRARY_SEARCH_PATHS = /usr/local/lib/;
				MACOSX_DEPLOYMENT_TARGET = 10.11;
				MTL_ENABLE_DEBUG_INFO = YES;
				ONLY_ACTIVE_ARCH = YES;
				OTHER_LDFLAGS = "";
				SDKROOT = macosx;
				USER_HEADER_SEARCH_PATHS = /usr/local/include/;
			};
			name = Debug;
		};
		5FE67DCB1D20D9A40049304A /* Release */ = {
			isa = XCBuildConfiguration;
			buildSettings = {
				ALWAYS_SEARCH_USER_PATHS = YES;
				CLANG_ANALYZER_NONNULL = YES;
				CLANG_CXX_LANGUAGE_STANDARD = "gnu++0x";
				CLANG_CXX_LIBRARY = "libc++";
				CLANG_ENABLE_MODULES = YES;
				CLANG_ENABLE_OBJC_ARC = YES;
				CLANG_WARN_BOOL_CONVERSION = YES;
				CLANG_WARN_CONSTANT_CONVERSION = YES;
				CLANG_WARN_DIRECT_OBJC_ISA_USAGE = YES_ERROR;
				CLANG_WARN_EMPTY_BODY = YES;
				CLANG_WARN_ENUM_CONVERSION = YES;
				CLANG_WARN_INT_CONVERSION = YES;
				CLANG_WARN_OBJC_ROOT_CLASS = YES_ERROR;
				CLANG_WARN_UNREACHABLE_CODE = YES;
				CLANG_WARN__DUPLICATE_METHOD_MATCH = YES;
				CODE_SIGN_IDENTITY = "-";
				COPY_PHASE_STRIP = NO;
				DEBUG_INFORMATION_FORMAT = "dwarf-with-dsym";
				ENABLE_NS_ASSERTIONS = NO;
				ENABLE_STRICT_OBJC_MSGSEND = YES;
				GCC_C_LANGUAGE_STANDARD = gnu99;
				GCC_NO_COMMON_BLOCKS = YES;
				GCC_WARN_64_TO_32_BIT_CONVERSION = YES;
				GCC_WARN_ABOUT_RETURN_TYPE = YES_ERROR;
				GCC_WARN_UNDECLARED_SELECTOR = YES;
				GCC_WARN_UNINITIALIZED_AUTOS = YES_AGGRESSIVE;
				GCC_WARN_UNUSED_FUNCTION = YES;
				GCC_WARN_UNUSED_VARIABLE = YES;
				LIBRARY_SEARCH_PATHS = /usr/local/lib/;
				MACOSX_DEPLOYMENT_TARGET = 10.11;
				MTL_ENABLE_DEBUG_INFO = NO;
				SDKROOT = macosx;
				USER_HEADER_SEARCH_PATHS = /usr/local/include/;
			};
			name = Release;
		};
		5FE67DCD1D20D9A40049304A /* Debug */ = {
			isa = XCBuildConfiguration;
			buildSettings = {
				HEADER_SEARCH_PATHS = "";
				OTHER_LDFLAGS = "";
				PRODUCT_NAME = "$(TARGET_NAME)";
			};
			name = Debug;
		};
		5FE67DCE1D20D9A40049304A /* Release */ = {
			isa = XCBuildConfiguration;
			buildSettings = {
				HEADER_SEARCH_PATHS = "";
				PRODUCT_NAME = "$(TARGET_NAME)";
			};
			name = Release;
		};
/* End XCBuildConfiguration section */

/* Begin XCConfigurationList section */
		5FE67DC01D20D9A30049304A /* Build configuration list for PBXProject "Primer3D" */ = {
			isa = XCConfigurationList;
			buildConfigurations = (
				5FE67DCA1D20D9A40049304A /* Debug */,
				5FE67DCB1D20D9A40049304A /* Release */,
			);
			defaultConfigurationIsVisible = 0;
			defaultConfigurationName = Release;
		};
		5FE67DCC1D20D9A40049304A /* Build configuration list for PBXNativeTarget "Primer3D" */ = {
			isa = XCConfigurationList;
			buildConfigurations = (
				5FE67DCD1D20D9A40049304A /* Debug */,
				5FE67DCE1D20D9A40049304A /* Release */,
			);
			defaultConfigurationIsVisible = 0;
			defaultConfigurationName = Release;
		};
/* End XCConfigurationList section */
	};
	rootObject = 5FE67DBD1D20D9A30049304A /* Project object */;
}
